// !$*UTF8*$!
{
	archiveVersion = 1;
	classes = {
	};
	objectVersion = 46;
	objects = {

/* Begin PBXBuildFile section */
		3F1EE4C41A2E3E0F00231A29 /* main.m in Sources */ = {isa = PBXBuildFile; fileRef = 3F1EE4C31A2E3E0F00231A29 /* main.m */; };
		3F1EE4C71A2E3E0F00231A29 /* AppDelegate.m in Sources */ = {isa = PBXBuildFile; fileRef = 3F1EE4C61A2E3E0F00231A29 /* AppDelegate.m */; };
		3F1EE4CA1A2E3E0F00231A29 /* MasterViewController.m in Sources */ = {isa = PBXBuildFile; fileRef = 3F1EE4C91A2E3E0F00231A29 /* MasterViewController.m */; };
		3F1EE4CD1A2E3E0F00231A29 /* DetailViewController.m in Sources */ = {isa = PBXBuildFile; fileRef = 3F1EE4CC1A2E3E0F00231A29 /* DetailViewController.m */; };
		3F1EE4D01A2E3E0F00231A29 /* Main.storyboard in Resources */ = {isa = PBXBuildFile; fileRef = 3F1EE4CE1A2E3E0F00231A29 /* Main.storyboard */; };
		3F1EE4D21A2E3E0F00231A29 /* Images.xcassets in Resources */ = {isa = PBXBuildFile; fileRef = 3F1EE4D11A2E3E0F00231A29 /* Images.xcassets */; };
		3F1EE4D51A2E3E1000231A29 /* LaunchScreen.xib in Resources */ = {isa = PBXBuildFile; fileRef = 3F1EE4D31A2E3E1000231A29 /* LaunchScreen.xib */; };
		3F1EE4E11A2E3E1000231A29 /* TODO_TrackerTests.m in Sources */ = {isa = PBXBuildFile; fileRef = 3F1EE4E01A2E3E1000231A29 /* TODO_TrackerTests.m */; };
/* End PBXBuildFile section */

/* Begin PBXContainerItemProxy section */
		3F1EE4DB1A2E3E1000231A29 /* PBXContainerItemProxy */ = {
			isa = PBXContainerItemProxy;
			containerPortal = 3F1EE4B61A2E3E0F00231A29 /* Project object */;
			proxyType = 1;
			remoteGlobalIDString = 3F1EE4BD1A2E3E0F00231A29;
			remoteInfo = "TODO Tracker";
		};
/* End PBXContainerItemProxy section */

/* Begin PBXFileReference section */
		3F1EE4BE1A2E3E0F00231A29 /* TODO Tracker.app */ = {isa = PBXFileReference; explicitFileType = wrapper.application; includeInIndex = 0; path = "TODO Tracker.app"; sourceTree = BUILT_PRODUCTS_DIR; };
		3F1EE4C21A2E3E0F00231A29 /* Info.plist */ = {isa = PBXFileReference; lastKnownFileType = text.plist.xml; path = Info.plist; sourceTree = "<group>"; };
		3F1EE4C31A2E3E0F00231A29 /* main.m */ = {isa = PBXFileReference; lastKnownFileType = sourcecode.c.objc; path = main.m; sourceTree = "<group>"; };
		3F1EE4C51A2E3E0F00231A29 /* AppDelegate.h */ = {isa = PBXFileReference; lastKnownFileType = sourcecode.c.h; path = AppDelegate.h; sourceTree = "<group>"; };
		3F1EE4C61A2E3E0F00231A29 /* AppDelegate.m */ = {isa = PBXFileReference; lastKnownFileType = sourcecode.c.objc; path = AppDelegate.m; sourceTree = "<group>"; };
		3F1EE4C81A2E3E0F00231A29 /* MasterViewController.h */ = {isa = PBXFileReference; lastKnownFileType = sourcecode.c.h; path = MasterViewController.h; sourceTree = "<group>"; };
		3F1EE4C91A2E3E0F00231A29 /* MasterViewController.m */ = {isa = PBXFileReference; lastKnownFileType = sourcecode.c.objc; path = MasterViewController.m; sourceTree = "<group>"; };
		3F1EE4CB1A2E3E0F00231A29 /* DetailViewController.h */ = {isa = PBXFileReference; lastKnownFileType = sourcecode.c.h; path = DetailViewController.h; sourceTree = "<group>"; };
		3F1EE4CC1A2E3E0F00231A29 /* DetailViewController.m */ = {isa = PBXFileReference; lastKnownFileType = sourcecode.c.objc; path = DetailViewController.m; sourceTree = "<group>"; };
		3F1EE4CF1A2E3E0F00231A29 /* Base */ = {isa = PBXFileReference; lastKnownFileType = file.storyboard; name = Base; path = Base.lproj/Main.storyboard; sourceTree = "<group>"; };
		3F1EE4D11A2E3E0F00231A29 /* Images.xcassets */ = {isa = PBXFileReference; lastKnownFileType = folder.assetcatalog; path = Images.xcassets; sourceTree = "<group>"; };
		3F1EE4D41A2E3E1000231A29 /* Base */ = {isa = PBXFileReference; lastKnownFileType = file.xib; name = Base; path = Base.lproj/LaunchScreen.xib; sourceTree = "<group>"; };
		3F1EE4DA1A2E3E1000231A29 /* TODO TrackerTests.xctest */ = {isa = PBXFileReference; explicitFileType = wrapper.cfbundle; includeInIndex = 0; path = "TODO TrackerTests.xctest"; sourceTree = BUILT_PRODUCTS_DIR; };
		3F1EE4DF1A2E3E1000231A29 /* Info.plist */ = {isa = PBXFileReference; lastKnownFileType = text.plist.xml; path = Info.plist; sourceTree = "<group>"; };
		3F1EE4E01A2E3E1000231A29 /* TODO_TrackerTests.m */ = {isa = PBXFileReference; lastKnownFileType = sourcecode.c.objc; path = TODO_TrackerTests.m; sourceTree = "<group>"; };
/* End PBXFileReference section */

/* Begin PBXFrameworksBuildPhase section */
		3F1EE4BB1A2E3E0F00231A29 /* Frameworks */ = {
			isa = PBXFrameworksBuildPhase;
			buildActionMask = 2147483647;
			files = (
			);
			runOnlyForDeploymentPostprocessing = 0;
		};
		3F1EE4D71A2E3E1000231A29 /* Frameworks */ = {
			isa = PBXFrameworksBuildPhase;
			buildActionMask = 2147483647;
			files = (
			);
			runOnlyForDeploymentPostprocessing = 0;
		};
/* End PBXFrameworksBuildPhase section */

/* Begin PBXGroup section */
		3F1EE4B51A2E3E0F00231A29 = {
			isa = PBXGroup;
			children = (
				3F1EE4C01A2E3E0F00231A29 /* TODO Tracker */,
				3F1EE4DD1A2E3E1000231A29 /* TODO TrackerTests */,
				3F1EE4BF1A2E3E0F00231A29 /* Products */,
			);
			sourceTree = "<group>";
		};
		3F1EE4BF1A2E3E0F00231A29 /* Products */ = {
			isa = PBXGroup;
			children = (
				3F1EE4BE1A2E3E0F00231A29 /* TODO Tracker.app */,
				3F1EE4DA1A2E3E1000231A29 /* TODO TrackerTests.xctest */,
			);
			name = Products;
			sourceTree = "<group>";
		};
		3F1EE4C01A2E3E0F00231A29 /* TODO Tracker */ = {
			isa = PBXGroup;
			children = (
				3F1EE4C51A2E3E0F00231A29 /* AppDelegate.h */,
				3F1EE4C61A2E3E0F00231A29 /* AppDelegate.m */,
				3F1EE4C81A2E3E0F00231A29 /* MasterViewController.h */,
				3F1EE4C91A2E3E0F00231A29 /* MasterViewController.m */,
				3F1EE4CB1A2E3E0F00231A29 /* DetailViewController.h */,
				3F1EE4CC1A2E3E0F00231A29 /* DetailViewController.m */,
				3F1EE4CE1A2E3E0F00231A29 /* Main.storyboard */,
				3F1EE4D11A2E3E0F00231A29 /* Images.xcassets */,
				3F1EE4D31A2E3E1000231A29 /* LaunchScreen.xib */,
				3F1EE4C11A2E3E0F00231A29 /* Supporting Files */,
			);
			path = "TODO Tracker";
			sourceTree = "<group>";
		};
		3F1EE4C11A2E3E0F00231A29 /* Supporting Files */ = {
			isa = PBXGroup;
			children = (
				3F1EE4C21A2E3E0F00231A29 /* Info.plist */,
				3F1EE4C31A2E3E0F00231A29 /* main.m */,
			);
			name = "Supporting Files";
			sourceTree = "<group>";
		};
		3F1EE4DD1A2E3E1000231A29 /* TODO TrackerTests */ = {
			isa = PBXGroup;
			children = (
				3F1EE4E01A2E3E1000231A29 /* TODO_TrackerTests.m */,
				3F1EE4DE1A2E3E1000231A29 /* Supporting Files */,
			);
			path = "TODO TrackerTests";
			sourceTree = "<group>";
		};
		3F1EE4DE1A2E3E1000231A29 /* Supporting Files */ = {
			isa = PBXGroup;
			children = (
				3F1EE4DF1A2E3E1000231A29 /* Info.plist */,
			);
			name = "Supporting Files";
			sourceTree = "<group>";
		};
/* End PBXGroup section */

/* Begin PBXNativeTarget section */
		3F1EE4BD1A2E3E0F00231A29 /* TODO Tracker */ = {
			isa = PBXNativeTarget;
			buildConfigurationList = 3F1EE4E41A2E3E1000231A29 /* Build configuration list for PBXNativeTarget "TODO Tracker" */;
			buildPhases = (
				3F1EE4BA1A2E3E0F00231A29 /* Sources */,
				3F1EE4BB1A2E3E0F00231A29 /* Frameworks */,
				3F1EE4BC1A2E3E0F00231A29 /* Resources */,
			);
			buildRules = (
			);
			dependencies = (
			);
			name = "TODO Tracker";
			productName = "TODO Tracker";
			productReference = 3F1EE4BE1A2E3E0F00231A29 /* TODO Tracker.app */;
			productType = "com.apple.product-type.application";
		};
		3F1EE4D91A2E3E1000231A29 /* TODO TrackerTests */ = {
			isa = PBXNativeTarget;
			buildConfigurationList = 3F1EE4E71A2E3E1000231A29 /* Build configuration list for PBXNativeTarget "TODO TrackerTests" */;
			buildPhases = (
				3F1EE4D61A2E3E1000231A29 /* Sources */,
				3F1EE4D71A2E3E1000231A29 /* Frameworks */,
				3F1EE4D81A2E3E1000231A29 /* Resources */,
			);
			buildRules = (
			);
			dependencies = (
				3F1EE4DC1A2E3E1000231A29 /* PBXTargetDependency */,
			);
			name = "TODO TrackerTests";
			productName = "TODO TrackerTests";
			productReference = 3F1EE4DA1A2E3E1000231A29 /* TODO TrackerTests.xctest */;
			productType = "com.apple.product-type.bundle.unit-test";
		};
/* End PBXNativeTarget section */

/* Begin PBXProject section */
		3F1EE4B61A2E3E0F00231A29 /* Project object */ = {
			isa = PBXProject;
			attributes = {
				LastUpgradeCheck = 0610;
				ORGANIZATIONNAME = "Thomas Bentley";
				TargetAttributes = {
					3F1EE4BD1A2E3E0F00231A29 = {
						CreatedOnToolsVersion = 6.1;
					};
					3F1EE4D91A2E3E1000231A29 = {
						CreatedOnToolsVersion = 6.1;
						TestTargetID = 3F1EE4BD1A2E3E0F00231A29;
					};
				};
			};
			buildConfigurationList = 3F1EE4B91A2E3E0F00231A29 /* Build configuration list for PBXProject "TODO Tracker" */;
			compatibilityVersion = "Xcode 3.2";
			developmentRegion = English;
			hasScannedForEncodings = 0;
			knownRegions = (
				en,
				Base,
			);
			mainGroup = 3F1EE4B51A2E3E0F00231A29;
			productRefGroup = 3F1EE4BF1A2E3E0F00231A29 /* Products */;
			projectDirPath = "";
			projectRoot = "";
			targets = (
				3F1EE4BD1A2E3E0F00231A29 /* TODO Tracker */,
				3F1EE4D91A2E3E1000231A29 /* TODO TrackerTests */,
			);
		};
/* End PBXProject section */

/* Begin PBXResourcesBuildPhase section */
		3F1EE4BC1A2E3E0F00231A29 /* Resources */ = {
			isa = PBXResourcesBuildPhase;
			buildActionMask = 2147483647;
			files = (
				3F1EE4D01A2E3E0F00231A29 /* Main.storyboard in Resources */,
				3F1EE4D51A2E3E1000231A29 /* LaunchScreen.xib in Resources */,
				3F1EE4D21A2E3E0F00231A29 /* Images.xcassets in Resources */,
			);
			runOnlyForDeploymentPostprocessing = 0;
		};
		3F1EE4D81A2E3E1000231A29 /* Resources */ = {
			isa = PBXResourcesBuildPhase;
			buildActionMask = 2147483647;
			files = (
			);
			runOnlyForDeploymentPostprocessing = 0;
		};
/* End PBXResourcesBuildPhase section */

/* Begin PBXSourcesBuildPhase section */
		3F1EE4BA1A2E3E0F00231A29 /* Sources */ = {
			isa = PBXSourcesBuildPhase;
			buildActionMask = 2147483647;
			files = (
				3F1EE4C71A2E3E0F00231A29 /* AppDelegate.m in Sources */,
				3F1EE4CA1A2E3E0F00231A29 /* MasterViewController.m in Sources */,
				3F1EE4C41A2E3E0F00231A29 /* main.m in Sources */,
				3F1EE4CD1A2E3E0F00231A29 /* DetailViewController.m in Sources */,
			);
			runOnlyForDeploymentPostprocessing = 0;
		};
		3F1EE4D61A2E3E1000231A29 /* Sources */ = {
			isa = PBXSourcesBuildPhase;
			buildActionMask = 2147483647;
			files = (
				3F1EE4E11A2E3E1000231A29 /* TODO_TrackerTests.m in Sources */,
			);
			runOnlyForDeploymentPostprocessing = 0;
		};
/* End PBXSourcesBuildPhase section */

/* Begin PBXTargetDependency section */
		3F1EE4DC1A2E3E1000231A29 /* PBXTargetDependency */ = {
			isa = PBXTargetDependency;
			target = 3F1EE4BD1A2E3E0F00231A29 /* TODO Tracker */;
			targetProxy = 3F1EE4DB1A2E3E1000231A29 /* PBXContainerItemProxy */;
		};
/* End PBXTargetDependency section */

/* Begin PBXVariantGroup section */
		3F1EE4CE1A2E3E0F00231A29 /* Main.storyboard */ = {
			isa = PBXVariantGroup;
			children = (
				3F1EE4CF1A2E3E0F00231A29 /* Base */,
			);
			name = Main.storyboard;
			sourceTree = "<group>";
		};
		3F1EE4D31A2E3E1000231A29 /* LaunchScreen.xib */ = {
			isa = PBXVariantGroup;
			children = (
				3F1EE4D41A2E3E1000231A29 /* Base */,
			);
			name = LaunchScreen.xib;
			sourceTree = "<group>";
		};
/* End PBXVariantGroup section */

/* Begin XCBuildConfiguration section */
		3F1EE4E21A2E3E1000231A29 /* Debug */ = {
			isa = XCBuildConfiguration;
			buildSettings = {
				ALWAYS_SEARCH_USER_PATHS = NO;
				CLANG_CXX_LANGUAGE_STANDARD = "gnu++0x";
				CLANG_CXX_LIBRARY = "libc++";
				CLANG_ENABLE_MODULES = YES;
				CLANG_ENABLE_OBJC_ARC = YES;
				CLANG_WARN_BOOL_CONVERSION = YES;
				CLANG_WARN_CONSTANT_CONVERSION = YES;
				CLANG_WARN_DIRECT_OBJC_ISA_USAGE = YES_ERROR;
				CLANG_WARN_EMPTY_BODY = YES;
				CLANG_WARN_ENUM_CONVERSION = YES;
				CLANG_WARN_INT_CONVERSION = YES;
				CLANG_WARN_OBJC_ROOT_CLASS = YES_ERROR;
				CLANG_WARN_UNREACHABLE_CODE = YES;
				CLANG_WARN__DUPLICATE_METHOD_MATCH = YES;
				"CODE_SIGN_IDENTITY[sdk=iphoneos*]" = "iPhone Developer";
				COPY_PHASE_STRIP = NO;
				ENABLE_STRICT_OBJC_MSGSEND = YES;
				GCC_C_LANGUAGE_STANDARD = gnu99;
				GCC_DYNAMIC_NO_PIC = NO;
				GCC_OPTIMIZATION_LEVEL = 0;
				GCC_PREPROCESSOR_DEFINITIONS = (
					"DEBUG=1",
					"$(inherited)",
				);
				GCC_SYMBOLS_PRIVATE_EXTERN = NO;
				GCC_WARN_64_TO_32_BIT_CONVERSION = YES;
				GCC_WARN_ABOUT_RETURN_TYPE = YES_ERROR;
				GCC_WARN_UNDECLARED_SELECTOR = YES;
				GCC_WARN_UNINITIALIZED_AUTOS = YES_AGGRESSIVE;
				GCC_WARN_UNUSED_FUNCTION = YES;
				GCC_WARN_UNUSED_VARIABLE = YES;
				IPHONEOS_DEPLOYMENT_TARGET = 8.1;
				MTL_ENABLE_DEBUG_INFO = YES;
				ONLY_ACTIVE_ARCH = YES;
				SDKROOT = iphoneos;
				TARGETED_DEVICE_FAMILY = "1,2";
			};
			name = Debug;
		};
		3F1EE4E31A2E3E1000231A29 /* Release */ = {
			isa = XCBuildConfiguration;
			buildSettings = {
				ALWAYS_SEARCH_USER_PATHS = NO;
				CLANG_CXX_LANGUAGE_STANDARD = "gnu++0x";
				CLANG_CXX_LIBRARY = "libc++";
				CLANG_ENABLE_MODULES = YES;
				CLANG_ENABLE_OBJC_ARC = YES;
				CLANG_WARN_BOOL_CONVERSION = YES;
				CLANG_WARN_CONSTANT_CONVERSION = YES;
				CLANG_WARN_DIRECT_OBJC_ISA_USAGE = YES_ERROR;
				CLANG_WARN_EMPTY_BODY = YES;
				CLANG_WARN_ENUM_CONVERSION = YES;
				CLANG_WARN_INT_CONVERSION = YES;
				CLANG_WARN_OBJC_ROOT_CLASS = YES_ERROR;
				CLANG_WARN_UNREACHABLE_CODE = YES;
				CLANG_WARN__DUPLICATE_METHOD_MATCH = YES;
				"CODE_SIGN_IDENTITY[sdk=iphoneos*]" = "iPhone Developer";
				COPY_PHASE_STRIP = YES;
				ENABLE_NS_ASSERTIONS = NO;
				ENABLE_STRICT_OBJC_MSGSEND = YES;
				GCC_C_LANGUAGE_STANDARD = gnu99;
				GCC_WARN_64_TO_32_BIT_CONVERSION = YES;
				GCC_WARN_ABOUT_RETURN_TYPE = YES_ERROR;
				GCC_WARN_UNDECLARED_SELECTOR = YES;
				GCC_WARN_UNINITIALIZED_AUTOS = YES_AGGRESSIVE;
				GCC_WARN_UNUSED_FUNCTION = YES;
				GCC_WARN_UNUSED_VARIABLE = YES;
				IPHONEOS_DEPLOYMENT_TARGET = 8.1;
				MTL_ENABLE_DEBUG_INFO = NO;
				SDKROOT = iphoneos;
				TARGETED_DEVICE_FAMILY = "1,2";
				VALIDATE_PRODUCT = YES;
			};
			name = Release;
		};
		3F1EE4E51A2E3E1000231A29 /* Debug */ = {
			isa = XCBuildConfiguration;
			buildSettings = {
				ASSETCATALOG_COMPILER_APPICON_NAME = AppIcon;
				INFOPLIST_FILE = "TODO Tracker/Info.plist";
				LD_RUNPATH_SEARCH_PATHS = "$(inherited) @executable_path/Frameworks";
				PRODUCT_NAME = "$(TARGET_NAME)";
			};
			name = Debug;
		};
		3F1EE4E61A2E3E1000231A29 /* Release */ = {
			isa = XCBuildConfiguration;
			buildSettings = {
				ASSETCATALOG_COMPILER_APPICON_NAME = AppIcon;
				INFOPLIST_FILE = "TODO Tracker/Info.plist";
				LD_RUNPATH_SEARCH_PATHS = "$(inherited) @executable_path/Frameworks";
				PRODUCT_NAME = "$(TARGET_NAME)";
			};
			name = Release;
		};
		3F1EE4E81A2E3E1000231A29 /* Debug */ = {
			isa = XCBuildConfiguration;
			buildSettings = {
				BUNDLE_LOADER = "$(TEST_HOST)";
				FRAMEWORK_SEARCH_PATHS = (
					"$(SDKROOT)/Developer/Library/Frameworks",
					"$(inherited)",
				);
				GCC_PREPROCESSOR_DEFINITIONS = (
					"DEBUG=1",
					"$(inherited)",
				);
				INFOPLIST_FILE = "TODO TrackerTests/Info.plist";
				LD_RUNPATH_SEARCH_PATHS = "$(inherited) @executable_path/Frameworks @loader_path/Frameworks";
				PRODUCT_NAME = "$(TARGET_NAME)";
				TEST_HOST = "$(BUILT_PRODUCTS_DIR)/TODO Tracker.app/TODO Tracker";
			};
			name = Debug;
		};
		3F1EE4E91A2E3E1000231A29 /* Release */ = {
			isa = XCBuildConfiguration;
			buildSettings = {
				BUNDLE_LOADER = "$(TEST_HOST)";
				FRAMEWORK_SEARCH_PATHS = (
					"$(SDKROOT)/Developer/Library/Frameworks",
					"$(inherited)",
				);
				INFOPLIST_FILE = "TODO TrackerTests/Info.plist";
				LD_RUNPATH_SEARCH_PATHS = "$(inherited) @executable_path/Frameworks @loader_path/Frameworks";
				PRODUCT_NAME = "$(TARGET_NAME)";
				TEST_HOST = "$(BUILT_PRODUCTS_DIR)/TODO Tracker.app/TODO Tracker";
			};
			name = Release;
		};
/* End XCBuildConfiguration section */

/* Begin XCConfigurationList section */
		3F1EE4B91A2E3E0F00231A29 /* Build configuration list for PBXProject "TODO Tracker" */ = {
			isa = XCConfigurationList;
			buildConfigurations = (
				3F1EE4E21A2E3E1000231A29 /* Debug */,
				3F1EE4E31A2E3E1000231A29 /* Release */,
			);
			defaultConfigurationIsVisible = 0;
			defaultConfigurationName = Release;
		};
		3F1EE4E41A2E3E1000231A29 /* Build configuration list for PBXNativeTarget "TODO Tracker" */ = {
			isa = XCConfigurationList;
			buildConfigurations = (
				3F1EE4E51A2E3E1000231A29 /* Debug */,
				3F1EE4E61A2E3E1000231A29 /* Release */,
			);
			defaultConfigurationIsVisible = 0;
		};
		3F1EE4E71A2E3E1000231A29 /* Build configuration list for PBXNativeTarget "TODO TrackerTests" */ = {
			isa = XCConfigurationList;
			buildConfigurations = (
				3F1EE4E81A2E3E1000231A29 /* Debug */,
				3F1EE4E91A2E3E1000231A29 /* Release */,
			);
			defaultConfigurationIsVisible = 0;
		};
/* End XCConfigurationList section */
	};
	rootObject = 3F1EE4B61A2E3E0F00231A29 /* Project object */;
}
